
Microsoft Visual Studio Solution File, Format Version 12.00
# Visual Studio Version 16
VisualStudioVersion = 16.0.30413.136
MinimumVisualStudioVersion = 10.0.40219.1
Project("{FAE04EC0-301F-11D3-BF4B-00C04F79EFBC}") = "Social Security Number", "Social Security Number\Social Security Number.csproj", "{BB451722-D5A6-434D-BAD2-6A0BD59912CD}"
EndProject
Global
	GlobalSection(SolutionConfigurationPlatforms) = preSolution
		Debug|Any CPU = Debug|Any CPU
		Release|Any CPU = Release|Any CPU
	EndGlobalSection
	GlobalSection(ProjectConfigurationPlatforms) = postSolution
		{BB451722-D5A6-434D-BAD2-6A0BD59912CD}.Debug|Any CPU.ActiveCfg = Debug|Any CPU
		{BB451722-D5A6-434D-BAD2-6A0BD59912CD}.Debug|Any CPU.Build.0 = Debug|Any CPU
		{BB451722-D5A6-434D-BAD2-6A0BD59912CD}.Release|Any CPU.ActiveCfg = Release|Any CPU
		{BB451722-D5A6-434D-BAD2-6A0BD59912CD}.Release|Any CPU.Build.0 = Release|Any CPU
	EndGlobalSection
	GlobalSection(SolutionProperties) = preSolution
		HideSolutionNode = FALSE
	EndGlobalSection
	GlobalSection(ExtensibilityGlobals) = postSolution
		SolutionGuid = {686CEF0A-CD28-4745-A2E3-65ADCDF7E20F}
	EndGlobalSection
EndGlobal
